
Microsoft Visual Studio Solution File, Format Version 12.00
# Visual Studio 15
VisualStudioVersion = 15.0.26730.16
MinimumVisualStudioVersion = 10.0.40219.1
Project("{FAE04EC0-301F-11D3-BF4B-00C04F79EFBC}") = "ImageSharingWithAuth", "ImageSharingWithAuth\ImageSharingWithAuth.csproj", "{3E00FF52-3701-4F8B-A8DB-98E800DD2067}"
EndProject
Project("{FAE04EC0-301F-11D3-BF4B-00C04F79EFBC}") = "ImageSharingWithAuth.Tests", "ImageSharingWithAuth.Tests\ImageSharingWithAuth.Tests.csproj", "{77562992-60AC-4F14-8F73-F58E933C4A2F}"
EndProject
Global
	GlobalSection(SolutionConfigurationPlatforms) = preSolution
		Debug|Any CPU = Debug|Any CPU
		Release|Any CPU = Release|Any CPU
	EndGlobalSection
	GlobalSection(ProjectConfigurationPlatforms) = postSolution
		{3E00FF52-3701-4F8B-A8DB-98E800DD2067}.Debug|Any CPU.ActiveCfg = Debug|Any CPU
		{3E00FF52-3701-4F8B-A8DB-98E800DD2067}.Debug|Any CPU.Build.0 = Debug|Any CPU
		{3E00FF52-3701-4F8B-A8DB-98E800DD2067}.Release|Any CPU.ActiveCfg = Release|Any CPU
		{3E00FF52-3701-4F8B-A8DB-98E800DD2067}.Release|Any CPU.Build.0 = Release|Any CPU
		{77562992-60AC-4F14-8F73-F58E933C4A2F}.Debug|Any CPU.ActiveCfg = Debug|Any CPU
		{77562992-60AC-4F14-8F73-F58E933C4A2F}.Debug|Any CPU.Build.0 = Debug|Any CPU
		{77562992-60AC-4F14-8F73-F58E933C4A2F}.Release|Any CPU.ActiveCfg = Release|Any CPU
		{77562992-60AC-4F14-8F73-F58E933C4A2F}.Release|Any CPU.Build.0 = Release|Any CPU
	EndGlobalSection
	GlobalSection(SolutionProperties) = preSolution
		HideSolutionNode = FALSE
	EndGlobalSection
	GlobalSection(ExtensibilityGlobals) = postSolution
		SolutionGuid = {0F7246DA-AD97-4A0B-A852-5267D240B154}
	EndGlobalSection
EndGlobal
